
Microsoft Visual Studio Solution File, Format Version 12.00
# Visual Studio Version 16
VisualStudioVersion = 16.0.30804.86
MinimumVisualStudioVersion = 10.0.40219.1
Project("{FAE04EC0-301F-11D3-BF4B-00C04F79EFBC}") = "VampEdit", "VampEdit\VampEdit.csproj", "{2CCB3705-57BF-46A2-9D29-426FBAFA6527}"
EndProject
Project("{FAE04EC0-301F-11D3-BF4B-00C04F79EFBC}") = "VampEdit.API", "VampEdit.API\VampEdit.API.csproj", "{0CFFF7E1-6604-4541-A88D-8BF75312A0E3}"
EndProject
Global
	GlobalSection(SolutionConfigurationPlatforms) = preSolution
		Debug|Any CPU = Debug|Any CPU
		Release|Any CPU = Release|Any CPU
	EndGlobalSection
	GlobalSection(ProjectConfigurationPlatforms) = postSolution
		{2CCB3705-57BF-46A2-9D29-426FBAFA6527}.Debug|Any CPU.ActiveCfg = Debug|Any CPU
		{2CCB3705-57BF-46A2-9D29-426FBAFA6527}.Debug|Any CPU.Build.0 = Debug|Any CPU
		{2CCB3705-57BF-46A2-9D29-426FBAFA6527}.Release|Any CPU.ActiveCfg = Release|Any CPU
		{2CCB3705-57BF-46A2-9D29-426FBAFA6527}.Release|Any CPU.Build.0 = Release|Any CPU
		{0CFFF7E1-6604-4541-A88D-8BF75312A0E3}.Debug|Any CPU.ActiveCfg = Debug|Any CPU
		{0CFFF7E1-6604-4541-A88D-8BF75312A0E3}.Debug|Any CPU.Build.0 = Debug|Any CPU
		{0CFFF7E1-6604-4541-A88D-8BF75312A0E3}.Release|Any CPU.ActiveCfg = Release|Any CPU
		{0CFFF7E1-6604-4541-A88D-8BF75312A0E3}.Release|Any CPU.Build.0 = Release|Any CPU
	EndGlobalSection
	GlobalSection(SolutionProperties) = preSolution
		HideSolutionNode = FALSE
	EndGlobalSection
	GlobalSection(ExtensibilityGlobals) = postSolution
		SolutionGuid = {87B5A298-C752-49B5-A322-722F7AD5822D}
	EndGlobalSection
EndGlobal
